
Microsoft Visual Studio Solution File, Format Version 12.00
# Visual Studio Version 16
VisualStudioVersion = 16.0.31410.357
MinimumVisualStudioVersion = 10.0.40219.1
Project("{9A19103F-16F7-4668-BE54-9A1E7A4F7556}") = "CalculatorGrpc", "CalculatorGrpc\CalculatorGrpc.csproj", "{3EBAD331-3CDE-4A42-AD09-00039DFD68AF}"
EndProject
Project("{FAE04EC0-301F-11D3-BF4B-00C04F79EFBC}") = "CalculatorGrpcService", "CalculatorGrpcService\CalculatorGrpcService.csproj", "{06A075A6-79D6-428D-939C-32D56E6DDEE8}"
EndProject
Global
	GlobalSection(SolutionConfigurationPlatforms) = preSolution
		Debug|Any CPU = Debug|Any CPU
		Release|Any CPU = Release|Any CPU
	EndGlobalSection
	GlobalSection(ProjectConfigurationPlatforms) = postSolution
		{3EBAD331-3CDE-4A42-AD09-00039DFD68AF}.Debug|Any CPU.ActiveCfg = Debug|Any CPU
		{3EBAD331-3CDE-4A42-AD09-00039DFD68AF}.Debug|Any CPU.Build.0 = Debug|Any CPU
		{3EBAD331-3CDE-4A42-AD09-00039DFD68AF}.Release|Any CPU.ActiveCfg = Release|Any CPU
		{3EBAD331-3CDE-4A42-AD09-00039DFD68AF}.Release|Any CPU.Build.0 = Release|Any CPU
		{06A075A6-79D6-428D-939C-32D56E6DDEE8}.Debug|Any CPU.ActiveCfg = Debug|Any CPU
		{06A075A6-79D6-428D-939C-32D56E6DDEE8}.Debug|Any CPU.Build.0 = Debug|Any CPU
		{06A075A6-79D6-428D-939C-32D56E6DDEE8}.Release|Any CPU.ActiveCfg = Release|Any CPU
		{06A075A6-79D6-428D-939C-32D56E6DDEE8}.Release|Any CPU.Build.0 = Release|Any CPU
	EndGlobalSection
	GlobalSection(SolutionProperties) = preSolution
		HideSolutionNode = FALSE
	EndGlobalSection
	GlobalSection(ExtensibilityGlobals) = postSolution
		SolutionGuid = {3212FE19-4B05-4516-9EA2-EB6FC38CDE92}
	EndGlobalSection
EndGlobal
